
Microsoft Visual Studio Solution File, Format Version 12.00
# Visual Studio Version 16
VisualStudioVersion = 16.0.28803.156
MinimumVisualStudioVersion = 10.0.40219.1
Project("{9A19103F-16F7-4668-BE54-9A1E7A4F7556}") = "PokemonAPI", "PokemonAPI.csproj", "{D158D0E5-753D-4918-8CA7-20D5C2633606}"
EndProject
Global
	GlobalSection(SolutionConfigurationPlatforms) = preSolution
		Debug|Any CPU = Debug|Any CPU
		Release|Any CPU = Release|Any CPU
	EndGlobalSection
	GlobalSection(ProjectConfigurationPlatforms) = postSolution
		{D158D0E5-753D-4918-8CA7-20D5C2633606}.Debug|Any CPU.ActiveCfg = Debug|Any CPU
		{D158D0E5-753D-4918-8CA7-20D5C2633606}.Debug|Any CPU.Build.0 = Debug|Any CPU
		{D158D0E5-753D-4918-8CA7-20D5C2633606}.Release|Any CPU.ActiveCfg = Release|Any CPU
		{D158D0E5-753D-4918-8CA7-20D5C2633606}.Release|Any CPU.Build.0 = Release|Any CPU
	EndGlobalSection
	GlobalSection(SolutionProperties) = preSolution
		HideSolutionNode = FALSE
	EndGlobalSection
	GlobalSection(ExtensibilityGlobals) = postSolution
		SolutionGuid = {2F496E8E-EE10-42AA-9141-C4B14136764E}
	EndGlobalSection
EndGlobal
